
Microsoft Visual Studio Solution File, Format Version 12.00
# Visual Studio Version 16
VisualStudioVersion = 25.0.1706.3
MinimumVisualStudioVersion = 10.0.40219.1
Project("{FAE04EC0-301F-11D3-BF4B-00C04F79EFBC}") = "ConnectHub", "ConnectHub\ConnectHub.csproj", "{B4FFB3E2-748C-49F9-A015-EB0A68C0DEE6}"
EndProject
Global
	GlobalSection(SolutionConfigurationPlatforms) = preSolution
		Debug|Any CPU = Debug|Any CPU
		Release|Any CPU = Release|Any CPU
	EndGlobalSection
	GlobalSection(ProjectConfigurationPlatforms) = postSolution
		{B4FFB3E2-748C-49F9-A015-EB0A68C0DEE6}.Debug|Any CPU.ActiveCfg = Debug|Any CPU
		{B4FFB3E2-748C-49F9-A015-EB0A68C0DEE6}.Debug|Any CPU.Build.0 = Debug|Any CPU
		{B4FFB3E2-748C-49F9-A015-EB0A68C0DEE6}.Release|Any CPU.ActiveCfg = Release|Any CPU
		{B4FFB3E2-748C-49F9-A015-EB0A68C0DEE6}.Release|Any CPU.Build.0 = Release|Any CPU
	EndGlobalSection
	GlobalSection(SolutionProperties) = preSolution
		HideSolutionNode = FALSE
	EndGlobalSection
	GlobalSection(ExtensibilityGlobals) = postSolution
		SolutionGuid = {9C92C2CE-59FE-4AAD-BF3C-19EE6994228E}
	EndGlobalSection
EndGlobal
